
Microsoft Visual Studio Solution File, Format Version 12.00
# Visual Studio Version 17
VisualStudioVersion = 17.2.32516.85
MinimumVisualStudioVersion = 10.0.40219.1
Project("{FAE04EC0-301F-11D3-BF4B-00C04F79EFBC}") = "WebScrapT1", "WebScrapT1\WebScrapT1.csproj", "{A4B706C8-DDFE-41C3-806A-F8D8AAAAF26D}"
EndProject
Global
	GlobalSection(SolutionConfigurationPlatforms) = preSolution
		Debug|Any CPU = Debug|Any CPU
		Release|Any CPU = Release|Any CPU
	EndGlobalSection
	GlobalSection(ProjectConfigurationPlatforms) = postSolution
		{A4B706C8-DDFE-41C3-806A-F8D8AAAAF26D}.Debug|Any CPU.ActiveCfg = Debug|Any CPU
		{A4B706C8-DDFE-41C3-806A-F8D8AAAAF26D}.Debug|Any CPU.Build.0 = Debug|Any CPU
		{A4B706C8-DDFE-41C3-806A-F8D8AAAAF26D}.Release|Any CPU.ActiveCfg = Release|Any CPU
		{A4B706C8-DDFE-41C3-806A-F8D8AAAAF26D}.Release|Any CPU.Build.0 = Release|Any CPU
	EndGlobalSection
	GlobalSection(SolutionProperties) = preSolution
		HideSolutionNode = FALSE
	EndGlobalSection
	GlobalSection(ExtensibilityGlobals) = postSolution
		SolutionGuid = {5E2C0417-462F-4BF8-AF91-42351A34C953}
	EndGlobalSection
EndGlobal
